dependencies:
  espressif/esp_lvgl_port:
    component_hash: e720c95cf0667554a204591bb5fade4655fb2990465557041200fa44b5bc7556
    dependencies:
    - name: idf
      require: private
      version: '>=4.4'
    - name: lvgl/lvgl
      registry_url: https://components.espressif.com
      require: public
      version: '>=8,<10'
    source:
      registry_url: https://components.espressif.com/
      type: service
    version: 2.6.0
  idf:
    source:
      type: idf
    version: 5.4.1
  lvgl/lvgl:
    component_hash: 2a8f619b5c2b1c7ad116c33d43dae8989c76739068f406a7e8ba9221e1085f17
    dependencies: []
    source:
      registry_url: https://components.espressif.com/
      type: service
    version: 9.1.0
direct_dependencies:
- espressif/esp_lvgl_port
- idf
- lvgl/lvgl
manifest_hash: 04bbebe1e49418c3adc7d121fa06e381c63fb15442c1e46860ca1bc332068471
target: esp32s3
version: 2.0.0
